{
  "object": {
    "pins": [
      {
        "package": "AudioKit",
        "repositoryURL": "https://github.com/AudioKit/AudioKit",
        "state": {
          "branch": "main",
          "revision": "5eefc06cc8c503624c92edcb4acbf28574f08acf",
          "version": null
        }
      }
    ]
  },
  "version": 1
}
